
Microsoft Visual Studio Solution File, Format Version 12.00
# Visual Studio Version 17
VisualStudioVersion = 17.0.31903.59
MinimumVisualStudioVersion = 10.0.40219.1
Project("{2150E333-8FDC-42A3-9474-1A3956D46DE8}") = "src", "src", "{3475A67D-D8A3-481D-AF87-6E992B5AAE1C}"
EndProject
Project("{FAE04EC0-301F-11D3-BF4B-00C04F79EFBC}") = "NanoVault.Core", "src\NanoVault.Core\NanoVault.Core.csproj", "{AE7BBC77-A07A-41C2-9A6C-12C8DE642F3F}"
EndProject
Project("{FAE04EC0-301F-11D3-BF4B-00C04F79EFBC}") = "NanoVault.Ipod", "src\NanoVault.Ipod\NanoVault.Ipod.csproj", "{86EFE360-2E4F-40DB-8482-822CDBB52554}"
EndProject
Project("{FAE04EC0-301F-11D3-BF4B-00C04F79EFBC}") = "NanoVault.Infrastructure", "src\NanoVault.Infrastructure\NanoVault.Infrastructure.csproj", "{1D35FF1C-3FAD-4D1A-94A9-6B8806AFBC21}"
EndProject
Project("{FAE04EC0-301F-11D3-BF4B-00C04F79EFBC}") = "NanoVault.App.ViewModels", "src\NanoVault.App.ViewModels\NanoVault.App.ViewModels.csproj", "{32F7CC39-DE07-4B78-A2D8-26637B28BFDF}"
EndProject
Project("{FAE04EC0-301F-11D3-BF4B-00C04F79EFBC}") = "NanoVault.App", "src\NanoVault.App\NanoVault.App.csproj", "{24EEBCC9-1E67-471C-B6BC-3AA1F0ABA4A1}"
EndProject
Project("{2150E333-8FDC-42A3-9474-1A3956D46DE8}") = "tests", "tests", "{97DCCB6F-378C-4A7C-9B49-1EF7804843AD}"
EndProject
Project("{FAE04EC0-301F-11D3-BF4B-00C04F79EFBC}") = "NanoVault.Core.Tests", "tests\NanoVault.Core.Tests\NanoVault.Core.Tests.csproj", "{668576CF-3047-4285-8ACF-C2EFF0996874}"
EndProject
Project("{FAE04EC0-301F-11D3-BF4B-00C04F79EFBC}") = "NanoVault.Ipod.Tests", "tests\NanoVault.Ipod.Tests\NanoVault.Ipod.Tests.csproj", "{5D3910B4-2ACC-4D47-996A-84B9420E4F75}"
EndProject
Project("{FAE04EC0-301F-11D3-BF4B-00C04F79EFBC}") = "NanoVault.Infrastructure.Tests", "tests\NanoVault.Infrastructure.Tests\NanoVault.Infrastructure.Tests.csproj", "{34058A17-1293-4D42-B014-5EED2A0625D7}"
EndProject
Project("{FAE04EC0-301F-11D3-BF4B-00C04F79EFBC}") = "NanoVault.IntegrationTests", "tests\NanoVault.IntegrationTests\NanoVault.IntegrationTests.csproj", "{6B91B217-4508-4084-A5F9-DC4FBC9F9D30}"
EndProject
Project("{FAE04EC0-301F-11D3-BF4B-00C04F79EFBC}") = "NanoVault.App.Tests", "tests\NanoVault.App.Tests\NanoVault.App.Tests.csproj", "{EAF35DC7-0D86-4C41-9752-A9CDA25D702C}"
EndProject
Project("{FAE04EC0-301F-11D3-BF4B-00C04F79EFBC}") = "NanoVault.TestSupport", "tests\NanoVault.TestSupport\NanoVault.TestSupport.csproj", "{11526F41-F6EF-4570-A71A-B8B35DECC381}"
EndProject
Global
	GlobalSection(SolutionConfigurationPlatforms) = preSolution
		Debug|Any CPU = Debug|Any CPU
		Release|Any CPU = Release|Any CPU
	EndGlobalSection
	GlobalSection(SolutionProperties) = preSolution
		HideSolutionNode = FALSE
	EndGlobalSection
	GlobalSection(ProjectConfigurationPlatforms) = postSolution
		{AE7BBC77-A07A-41C2-9A6C-12C8DE642F3F}.Debug|Any CPU.ActiveCfg = Debug|Any CPU
		{AE7BBC77-A07A-41C2-9A6C-12C8DE642F3F}.Debug|Any CPU.Build.0 = Debug|Any CPU
		{AE7BBC77-A07A-41C2-9A6C-12C8DE642F3F}.Release|Any CPU.ActiveCfg = Release|Any CPU
		{AE7BBC77-A07A-41C2-9A6C-12C8DE642F3F}.Release|Any CPU.Build.0 = Release|Any CPU
		{86EFE360-2E4F-40DB-8482-822CDBB52554}.Debug|Any CPU.ActiveCfg = Debug|Any CPU
		{86EFE360-2E4F-40DB-8482-822CDBB52554}.Debug|Any CPU.Build.0 = Debug|Any CPU
		{86EFE360-2E4F-40DB-8482-822CDBB52554}.Release|Any CPU.ActiveCfg = Release|Any CPU
		{86EFE360-2E4F-40DB-8482-822CDBB52554}.Release|Any CPU.Build.0 = Release|Any CPU
		{1D35FF1C-3FAD-4D1A-94A9-6B8806AFBC21}.Debug|Any CPU.ActiveCfg = Debug|Any CPU
		{1D35FF1C-3FAD-4D1A-94A9-6B8806AFBC21}.Debug|Any CPU.Build.0 = Debug|Any CPU
		{1D35FF1C-3FAD-4D1A-94A9-6B8806AFBC21}.Release|Any CPU.ActiveCfg = Release|Any CPU
		{1D35FF1C-3FAD-4D1A-94A9-6B8806AFBC21}.Release|Any CPU.Build.0 = Release|Any CPU
		{32F7CC39-DE07-4B78-A2D8-26637B28BFDF}.Debug|Any CPU.ActiveCfg = Debug|Any CPU
		{32F7CC39-DE07-4B78-A2D8-26637B28BFDF}.Debug|Any CPU.Build.0 = Debug|Any CPU
		{32F7CC39-DE07-4B78-A2D8-26637B28BFDF}.Release|Any CPU.ActiveCfg = Release|Any CPU
		{32F7CC39-DE07-4B78-A2D8-26637B28BFDF}.Release|Any CPU.Build.0 = Release|Any CPU
		{24EEBCC9-1E67-471C-B6BC-3AA1F0ABA4A1}.Debug|Any CPU.ActiveCfg = Debug|Any CPU
		{24EEBCC9-1E67-471C-B6BC-3AA1F0ABA4A1}.Debug|Any CPU.Build.0 = Debug|Any CPU
		{24EEBCC9-1E67-471C-B6BC-3AA1F0ABA4A1}.Release|Any CPU.ActiveCfg = Release|Any CPU
		{24EEBCC9-1E67-471C-B6BC-3AA1F0ABA4A1}.Release|Any CPU.Build.0 = Release|Any CPU
		{668576CF-3047-4285-8ACF-C2EFF0996874}.Debug|Any CPU.ActiveCfg = Debug|Any CPU
		{668576CF-3047-4285-8ACF-C2EFF0996874}.Debug|Any CPU.Build.0 = Debug|Any CPU
		{668576CF-3047-4285-8ACF-C2EFF0996874}.Release|Any CPU.ActiveCfg = Release|Any CPU
		{668576CF-3047-4285-8ACF-C2EFF0996874}.Release|Any CPU.Build.0 = Release|Any CPU
		{5D3910B4-2ACC-4D47-996A-84B9420E4F75}.Debug|Any CPU.ActiveCfg = Debug|Any CPU
		{5D3910B4-2ACC-4D47-996A-84B9420E4F75}.Debug|Any CPU.Build.0 = Debug|Any CPU
		{5D3910B4-2ACC-4D47-996A-84B9420E4F75}.Release|Any CPU.ActiveCfg = Release|Any CPU
		{5D3910B4-2ACC-4D47-996A-84B9420E4F75}.Release|Any CPU.Build.0 = Release|Any CPU
		{34058A17-1293-4D42-B014-5EED2A0625D7}.Debug|Any CPU.ActiveCfg = Debug|Any CPU
		{34058A17-1293-4D42-B014-5EED2A0625D7}.Debug|Any CPU.Build.0 = Debug|Any CPU
		{34058A17-1293-4D42-B014-5EED2A0625D7}.Release|Any CPU.ActiveCfg = Release|Any CPU
		{34058A17-1293-4D42-B014-5EED2A0625D7}.Release|Any CPU.Build.0 = Release|Any CPU
		{6B91B217-4508-4084-A5F9-DC4FBC9F9D30}.Debug|Any CPU.ActiveCfg = Debug|Any CPU
		{6B91B217-4508-4084-A5F9-DC4FBC9F9D30}.Debug|Any CPU.Build.0 = Debug|Any CPU
		{6B91B217-4508-4084-A5F9-DC4FBC9F9D30}.Release|Any CPU.ActiveCfg = Release|Any CPU
		{6B91B217-4508-4084-A5F9-DC4FBC9F9D30}.Release|Any CPU.Build.0 = Release|Any CPU
		{EAF35DC7-0D86-4C41-9752-A9CDA25D702C}.Debug|Any CPU.ActiveCfg = Debug|Any CPU
		{EAF35DC7-0D86-4C41-9752-A9CDA25D702C}.Debug|Any CPU.Build.0 = Debug|Any CPU
		{EAF35DC7-0D86-4C41-9752-A9CDA25D702C}.Release|Any CPU.ActiveCfg = Release|Any CPU
		{EAF35DC7-0D86-4C41-9752-A9CDA25D702C}.Release|Any CPU.Build.0 = Release|Any CPU
		{11526F41-F6EF-4570-A71A-B8B35DECC381}.Debug|Any CPU.ActiveCfg = Debug|Any CPU
		{11526F41-F6EF-4570-A71A-B8B35DECC381}.Debug|Any CPU.Build.0 = Debug|Any CPU
		{11526F41-F6EF-4570-A71A-B8B35DECC381}.Release|Any CPU.ActiveCfg = Release|Any CPU
		{11526F41-F6EF-4570-A71A-B8B35DECC381}.Release|Any CPU.Build.0 = Release|Any CPU
	EndGlobalSection
	GlobalSection(NestedProjects) = preSolution
		{AE7BBC77-A07A-41C2-9A6C-12C8DE642F3F} = {3475A67D-D8A3-481D-AF87-6E992B5AAE1C}
		{86EFE360-2E4F-40DB-8482-822CDBB52554} = {3475A67D-D8A3-481D-AF87-6E992B5AAE1C}
		{1D35FF1C-3FAD-4D1A-94A9-6B8806AFBC21} = {3475A67D-D8A3-481D-AF87-6E992B5AAE1C}
		{32F7CC39-DE07-4B78-A2D8-26637B28BFDF} = {3475A67D-D8A3-481D-AF87-6E992B5AAE1C}
		{24EEBCC9-1E67-471C-B6BC-3AA1F0ABA4A1} = {3475A67D-D8A3-481D-AF87-6E992B5AAE1C}
		{668576CF-3047-4285-8ACF-C2EFF0996874} = {97DCCB6F-378C-4A7C-9B49-1EF7804843AD}
		{5D3910B4-2ACC-4D47-996A-84B9420E4F75} = {97DCCB6F-378C-4A7C-9B49-1EF7804843AD}
		{34058A17-1293-4D42-B014-5EED2A0625D7} = {97DCCB6F-378C-4A7C-9B49-1EF7804843AD}
		{6B91B217-4508-4084-A5F9-DC4FBC9F9D30} = {97DCCB6F-378C-4A7C-9B49-1EF7804843AD}
		{EAF35DC7-0D86-4C41-9752-A9CDA25D702C} = {97DCCB6F-378C-4A7C-9B49-1EF7804843AD}
		{11526F41-F6EF-4570-A71A-B8B35DECC381} = {97DCCB6F-378C-4A7C-9B49-1EF7804843AD}
	EndGlobalSection
EndGlobal
